
Microsoft Visual Studio Solution File, Format Version 12.00
# Visual Studio Version 17
VisualStudioVersion = 17.0.32112.339
MinimumVisualStudioVersion = 10.0.40219.1
Project("{9A19103F-16F7-4668-BE54-9A1E7A4F7556}") = "LibGGPK3", "LibGGPK3\LibGGPK3.csproj", "{8E31CD36-4D72-40E7-87F0-38D0C1AA6EDC}"
EndProject
Project("{9A19103F-16F7-4668-BE54-9A1E7A4F7556}") = "LibBundle3", "LibBundle3\LibBundle3.csproj", "{CD9D6239-9E6F-464B-84A8-07BF5EF754C8}"
EndProject
Project("{9A19103F-16F7-4668-BE54-9A1E7A4F7556}") = "LibBundledGGPK3", "LibBundledGGPK3\LibBundledGGPK3.csproj", "{358CA70E-2212-4818-81AD-1CAC7C3CFAAA}"
EndProject
Project("{9A19103F-16F7-4668-BE54-9A1E7A4F7556}") = "LibDat2", "LibDat2\LibDat2.csproj", "{762DF6EB-6F9A-4377-8F86-9B04EEA2B52E}"
EndProject
Project("{9A19103F-16F7-4668-BE54-9A1E7A4F7556}") = "ExtractBundledGGPK3", "Examples\ExtractBundledGGPK3\ExtractBundledGGPK3.csproj", "{F59808C2-AA8F-4EE8-9725-3E7CFC20C2EE}"
EndProject
Project("{9A19103F-16F7-4668-BE54-9A1E7A4F7556}") = "PatchGGPK3", "Examples\PatchGGPK3\PatchGGPK3.csproj", "{A5689265-E9EC-459D-938B-1DB34B7E6814}"
EndProject
Project("{9A19103F-16F7-4668-BE54-9A1E7A4F7556}") = "PatchBundle3", "Examples\PatchBundle3\PatchBundle3.csproj", "{2BE25C80-F4F0-4727-BB55-9821346AC55F}"
EndProject
Project("{9A19103F-16F7-4668-BE54-9A1E7A4F7556}") = "PatchBundledGGPK3", "Examples\PatchBundledGGPK3\PatchBundledGGPK3.csproj", "{56A8F315-4902-4259-A5BE-0273202B9F19}"
EndProject
Project("{9A19103F-16F7-4668-BE54-9A1E7A4F7556}") = "PoeChinese3", "Examples\PoeChinese3\PoeChinese3.csproj", "{470BA9D3-2295-4ECD-AF26-8FE1C3A34154}"
EndProject
Project("{9A19103F-16F7-4668-BE54-9A1E7A4F7556}") = "GGPKFastCompact3", "Examples\GGPKFastCompact3\GGPKFastCompact3.csproj", "{309DEBF1-C6CE-4089-8018-AD3B7E0C0EFD}"
EndProject
Project("{9A19103F-16F7-4668-BE54-9A1E7A4F7556}") = "GGPKFullCompact3", "Examples\GGPKFullCompact3\GGPKFullCompact3.csproj", "{6E946F5A-0BA4-4686-A354-F4F27AEAFB1C}"
EndProject
Project("{9A19103F-16F7-4668-BE54-9A1E7A4F7556}") = "VPatchGGPK3", "Examples\VPatchGGPK3\VPatchGGPK3.csproj", "{AA300CF8-0012-49BF-8881-85CC4461E66D}"
EndProject
Project("{9A19103F-16F7-4668-BE54-9A1E7A4F7556}") = "VisualGGPK3", "Examples\VisualGGPK3\VisualGGPK3.csproj", "{25FB11E2-2432-4A24-83B1-71A61EB6504A}"
EndProject
Project("{2150E333-8FDC-42A3-9474-1A3956D46DE8}") = "Examples", "Examples", "{BD11E71A-A6B7-40B6-86D9-92A47BDC10FB}"
EndProject
Global
	GlobalSection(SolutionConfigurationPlatforms) = preSolution
		AOT|Any CPU = AOT|Any CPU
		Debug|Any CPU = Debug|Any CPU
		Release|Any CPU = Release|Any CPU
	EndGlobalSection
	GlobalSection(ProjectConfigurationPlatforms) = postSolution
		{8E31CD36-4D72-40E7-87F0-38D0C1AA6EDC}.AOT|Any CPU.ActiveCfg = Release|Any CPU
		{8E31CD36-4D72-40E7-87F0-38D0C1AA6EDC}.AOT|Any CPU.Build.0 = Release|Any CPU
		{8E31CD36-4D72-40E7-87F0-38D0C1AA6EDC}.Debug|Any CPU.ActiveCfg = Debug|Any CPU
		{8E31CD36-4D72-40E7-87F0-38D0C1AA6EDC}.Debug|Any CPU.Build.0 = Debug|Any CPU
		{8E31CD36-4D72-40E7-87F0-38D0C1AA6EDC}.Release|Any CPU.ActiveCfg = Release|Any CPU
		{8E31CD36-4D72-40E7-87F0-38D0C1AA6EDC}.Release|Any CPU.Build.0 = Release|Any CPU
		{CD9D6239-9E6F-464B-84A8-07BF5EF754C8}.AOT|Any CPU.ActiveCfg = AOT|Any CPU
		{CD9D6239-9E6F-464B-84A8-07BF5EF754C8}.AOT|Any CPU.Build.0 = AOT|Any CPU
		{CD9D6239-9E6F-464B-84A8-07BF5EF754C8}.Debug|Any CPU.ActiveCfg = Debug|Any CPU
		{CD9D6239-9E6F-464B-84A8-07BF5EF754C8}.Debug|Any CPU.Build.0 = Debug|Any CPU
		{CD9D6239-9E6F-464B-84A8-07BF5EF754C8}.Release|Any CPU.ActiveCfg = Release|Any CPU
		{CD9D6239-9E6F-464B-84A8-07BF5EF754C8}.Release|Any CPU.Build.0 = Release|Any CPU
		{358CA70E-2212-4818-81AD-1CAC7C3CFAAA}.AOT|Any CPU.ActiveCfg = Release|Any CPU
		{358CA70E-2212-4818-81AD-1CAC7C3CFAAA}.AOT|Any CPU.Build.0 = Release|Any CPU
		{358CA70E-2212-4818-81AD-1CAC7C3CFAAA}.Debug|Any CPU.ActiveCfg = Debug|Any CPU
		{358CA70E-2212-4818-81AD-1CAC7C3CFAAA}.Debug|Any CPU.Build.0 = Debug|Any CPU
		{358CA70E-2212-4818-81AD-1CAC7C3CFAAA}.Release|Any CPU.ActiveCfg = Release|Any CPU
		{358CA70E-2212-4818-81AD-1CAC7C3CFAAA}.Release|Any CPU.Build.0 = Release|Any CPU
		{762DF6EB-6F9A-4377-8F86-9B04EEA2B52E}.AOT|Any CPU.ActiveCfg = Debug|Any CPU
		{762DF6EB-6F9A-4377-8F86-9B04EEA2B52E}.AOT|Any CPU.Build.0 = Debug|Any CPU
		{762DF6EB-6F9A-4377-8F86-9B04EEA2B52E}.Debug|Any CPU.ActiveCfg = Debug|Any CPU
		{762DF6EB-6F9A-4377-8F86-9B04EEA2B52E}.Debug|Any CPU.Build.0 = Debug|Any CPU
		{762DF6EB-6F9A-4377-8F86-9B04EEA2B52E}.Release|Any CPU.ActiveCfg = Release|Any CPU
		{762DF6EB-6F9A-4377-8F86-9B04EEA2B52E}.Release|Any CPU.Build.0 = Release|Any CPU
		{F59808C2-AA8F-4EE8-9725-3E7CFC20C2EE}.AOT|Any CPU.ActiveCfg = Release|Any CPU
		{F59808C2-AA8F-4EE8-9725-3E7CFC20C2EE}.AOT|Any CPU.Build.0 = Release|Any CPU
		{F59808C2-AA8F-4EE8-9725-3E7CFC20C2EE}.Debug|Any CPU.ActiveCfg = Debug|Any CPU
		{F59808C2-AA8F-4EE8-9725-3E7CFC20C2EE}.Debug|Any CPU.Build.0 = Debug|Any CPU
		{F59808C2-AA8F-4EE8-9725-3E7CFC20C2EE}.Release|Any CPU.ActiveCfg = Release|Any CPU
		{F59808C2-AA8F-4EE8-9725-3E7CFC20C2EE}.Release|Any CPU.Build.0 = Release|Any CPU
		{A5689265-E9EC-459D-938B-1DB34B7E6814}.AOT|Any CPU.ActiveCfg = Release|Any CPU
		{A5689265-E9EC-459D-938B-1DB34B7E6814}.AOT|Any CPU.Build.0 = Release|Any CPU
		{A5689265-E9EC-459D-938B-1DB34B7E6814}.Debug|Any CPU.ActiveCfg = Debug|Any CPU
		{A5689265-E9EC-459D-938B-1DB34B7E6814}.Debug|Any CPU.Build.0 = Debug|Any CPU
		{A5689265-E9EC-459D-938B-1DB34B7E6814}.Release|Any CPU.ActiveCfg = Release|Any CPU
		{A5689265-E9EC-459D-938B-1DB34B7E6814}.Release|Any CPU.Build.0 = Release|Any CPU
		{2BE25C80-F4F0-4727-BB55-9821346AC55F}.AOT|Any CPU.ActiveCfg = Release|Any CPU
		{2BE25C80-F4F0-4727-BB55-9821346AC55F}.AOT|Any CPU.Build.0 = Release|Any CPU
		{2BE25C80-F4F0-4727-BB55-9821346AC55F}.Debug|Any CPU.ActiveCfg = Debug|Any CPU
		{2BE25C80-F4F0-4727-BB55-9821346AC55F}.Debug|Any CPU.Build.0 = Debug|Any CPU
		{2BE25C80-F4F0-4727-BB55-9821346AC55F}.Release|Any CPU.ActiveCfg = Release|Any CPU
		{2BE25C80-F4F0-4727-BB55-9821346AC55F}.Release|Any CPU.Build.0 = Release|Any CPU
		{56A8F315-4902-4259-A5BE-0273202B9F19}.AOT|Any CPU.ActiveCfg = Release|Any CPU
		{56A8F315-4902-4259-A5BE-0273202B9F19}.AOT|Any CPU.Build.0 = Release|Any CPU
		{56A8F315-4902-4259-A5BE-0273202B9F19}.Debug|Any CPU.ActiveCfg = Debug|Any CPU
		{56A8F315-4902-4259-A5BE-0273202B9F19}.Debug|Any CPU.Build.0 = Debug|Any CPU
		{56A8F315-4902-4259-A5BE-0273202B9F19}.Release|Any CPU.ActiveCfg = Release|Any CPU
		{56A8F315-4902-4259-A5BE-0273202B9F19}.Release|Any CPU.Build.0 = Release|Any CPU
		{470BA9D3-2295-4ECD-AF26-8FE1C3A34154}.AOT|Any CPU.ActiveCfg = AOT|Any CPU
		{470BA9D3-2295-4ECD-AF26-8FE1C3A34154}.AOT|Any CPU.Build.0 = AOT|Any CPU
		{470BA9D3-2295-4ECD-AF26-8FE1C3A34154}.Debug|Any CPU.ActiveCfg = Debug|Any CPU
		{470BA9D3-2295-4ECD-AF26-8FE1C3A34154}.Debug|Any CPU.Build.0 = Debug|Any CPU
		{470BA9D3-2295-4ECD-AF26-8FE1C3A34154}.Release|Any CPU.ActiveCfg = Release|Any CPU
		{470BA9D3-2295-4ECD-AF26-8FE1C3A34154}.Release|Any CPU.Build.0 = Release|Any CPU
		{309DEBF1-C6CE-4089-8018-AD3B7E0C0EFD}.AOT|Any CPU.ActiveCfg = Release|Any CPU
		{309DEBF1-C6CE-4089-8018-AD3B7E0C0EFD}.AOT|Any CPU.Build.0 = Release|Any CPU
		{309DEBF1-C6CE-4089-8018-AD3B7E0C0EFD}.Debug|Any CPU.ActiveCfg = Debug|Any CPU
		{309DEBF1-C6CE-4089-8018-AD3B7E0C0EFD}.Debug|Any CPU.Build.0 = Debug|Any CPU
		{309DEBF1-C6CE-4089-8018-AD3B7E0C0EFD}.Release|Any CPU.ActiveCfg = Release|Any CPU
		{309DEBF1-C6CE-4089-8018-AD3B7E0C0EFD}.Release|Any CPU.Build.0 = Release|Any CPU
		{6E946F5A-0BA4-4686-A354-F4F27AEAFB1C}.AOT|Any CPU.ActiveCfg = Release|Any CPU
		{6E946F5A-0BA4-4686-A354-F4F27AEAFB1C}.AOT|Any CPU.Build.0 = Release|Any CPU
		{6E946F5A-0BA4-4686-A354-F4F27AEAFB1C}.Debug|Any CPU.ActiveCfg = Debug|Any CPU
		{6E946F5A-0BA4-4686-A354-F4F27AEAFB1C}.Debug|Any CPU.Build.0 = Debug|Any CPU
		{6E946F5A-0BA4-4686-A354-F4F27AEAFB1C}.Release|Any CPU.ActiveCfg = Release|Any CPU
		{6E946F5A-0BA4-4686-A354-F4F27AEAFB1C}.Release|Any CPU.Build.0 = Release|Any CPU
		{AA300CF8-0012-49BF-8881-85CC4461E66D}.AOT|Any CPU.ActiveCfg = Release|Any CPU
		{AA300CF8-0012-49BF-8881-85CC4461E66D}.AOT|Any CPU.Build.0 = Release|Any CPU
		{AA300CF8-0012-49BF-8881-85CC4461E66D}.Debug|Any CPU.ActiveCfg = Debug|Any CPU
		{AA300CF8-0012-49BF-8881-85CC4461E66D}.Debug|Any CPU.Build.0 = Debug|Any CPU
		{AA300CF8-0012-49BF-8881-85CC4461E66D}.Release|Any CPU.ActiveCfg = Release|Any CPU
		{AA300CF8-0012-49BF-8881-85CC4461E66D}.Release|Any CPU.Build.0 = Release|Any CPU
		{25FB11E2-2432-4A24-83B1-71A61EB6504A}.AOT|Any CPU.ActiveCfg = Debug|Any CPU
		{25FB11E2-2432-4A24-83B1-71A61EB6504A}.AOT|Any CPU.Build.0 = Debug|Any CPU
		{25FB11E2-2432-4A24-83B1-71A61EB6504A}.Debug|Any CPU.ActiveCfg = Debug|Any CPU
		{25FB11E2-2432-4A24-83B1-71A61EB6504A}.Debug|Any CPU.Build.0 = Debug|Any CPU
		{25FB11E2-2432-4A24-83B1-71A61EB6504A}.Release|Any CPU.ActiveCfg = Release|Any CPU
		{25FB11E2-2432-4A24-83B1-71A61EB6504A}.Release|Any CPU.Build.0 = Release|Any CPU
	EndGlobalSection
	GlobalSection(SolutionProperties) = preSolution
		HideSolutionNode = FALSE
	EndGlobalSection
	GlobalSection(NestedProjects) = preSolution
		{F59808C2-AA8F-4EE8-9725-3E7CFC20C2EE} = {BD11E71A-A6B7-40B6-86D9-92A47BDC10FB}
		{A5689265-E9EC-459D-938B-1DB34B7E6814} = {BD11E71A-A6B7-40B6-86D9-92A47BDC10FB}
		{2BE25C80-F4F0-4727-BB55-9821346AC55F} = {BD11E71A-A6B7-40B6-86D9-92A47BDC10FB}
		{56A8F315-4902-4259-A5BE-0273202B9F19} = {BD11E71A-A6B7-40B6-86D9-92A47BDC10FB}
		{470BA9D3-2295-4ECD-AF26-8FE1C3A34154} = {BD11E71A-A6B7-40B6-86D9-92A47BDC10FB}
		{309DEBF1-C6CE-4089-8018-AD3B7E0C0EFD} = {BD11E71A-A6B7-40B6-86D9-92A47BDC10FB}
		{6E946F5A-0BA4-4686-A354-F4F27AEAFB1C} = {BD11E71A-A6B7-40B6-86D9-92A47BDC10FB}
		{AA300CF8-0012-49BF-8881-85CC4461E66D} = {BD11E71A-A6B7-40B6-86D9-92A47BDC10FB}
		{25FB11E2-2432-4A24-83B1-71A61EB6504A} = {BD11E71A-A6B7-40B6-86D9-92A47BDC10FB}
	EndGlobalSection
	GlobalSection(ExtensibilityGlobals) = postSolution
		SolutionGuid = {3BF68819-7A0C-4E17-B7F4-857F7C09942A}
	EndGlobalSection
EndGlobal
